schema: '2.0'
stages:
  data_cleaning:
    cmd: python src/data/data_cleaning.py
  data_preparation:
    cmd: python src/data/data_preparation.py
    deps:
    - path: data/cleaned/swiggy_cleaned.csv
      hash: md5
      md5: 4918716e52fc57babdcd400dfb3c3f29
      size: 4508527
    - path: src/data/data_preparation.py
      hash: md5
      md5: 611836beb7a86dbaf449c2f8678518c9
      size: 2510
    params:
      params.yaml:
        Data_Preparation.random_state: 48
        Data_Preparation.test_size: 0.3
    outs:
    - path: data/interim/test.csv
      hash: md5
      md5: 613760ff9787ac04f69607a24f52933c
      size: 1352876
    - path: data/interim/train.csv
      hash: md5
      md5: 6b6d4f7c487a813e4850db49831ae91e
      size: 3152693
  data_preprocessing:
    cmd: python src/features/data_preprocessing.py
  train:
    cmd: python src/models/train.py
  evaluation:
    cmd: python src/models/evaluation.py
